// !$*UTF8*$!
{
	archiveVersion = 1;
	classes = {
	};
	objectVersion = 56;
	objects = {

/* Begin PBXBuildFile section */
		B68CBD2A2B2AD3F7003F4ECC /* AppDelegate.swift in Sources */ = {isa = PBXBuildFile; fileRef = B68CBD292B2AD3F7003F4ECC /* AppDelegate.swift */; };
		B68CBD2C2B2AD3F7003F4ECC /* SceneDelegate.swift in Sources */ = {isa = PBXBuildFile; fileRef = B68CBD2B2B2AD3F7003F4ECC /* SceneDelegate.swift */; };
		B68CBD2E2B2AD3F7003F4ECC /* SampleGeminiViewController.swift in Sources */ = {isa = PBXBuildFile; fileRef = B68CBD2D2B2AD3F7003F4ECC /* SampleGeminiViewController.swift */; };
		B68CBD332B2AD3F8003F4ECC /* Assets.xcassets in Resources */ = {isa = PBXBuildFile; fileRef = B68CBD322B2AD3F8003F4ECC /* Assets.xcassets */; };
		B68CBD362B2AD3F8003F4ECC /* LaunchScreen.storyboard in Resources */ = {isa = PBXBuildFile; fileRef = B68CBD342B2AD3F8003F4ECC /* LaunchScreen.storyboard */; };
		B68CBD3F2B2AD472003F4ECC /* GoogleGenerativeAI in Frameworks */ = {isa = PBXBuildFile; productRef = B68CBD3E2B2AD472003F4ECC /* GoogleGenerativeAI */; };
		B68CBD422B2AD47D003F4ECC /* DeclarativeUIKit in Frameworks */ = {isa = PBXBuildFile; productRef = B68CBD412B2AD47D003F4ECC /* DeclarativeUIKit */; };
		B68CBD452B2AD54A003F4ECC /* ObservableUIKit in Frameworks */ = {isa = PBXBuildFile; productRef = B68CBD442B2AD54A003F4ECC /* ObservableUIKit */; };
		B68CBD482B2AF7C8003F4ECC /* Kingfisher in Frameworks */ = {isa = PBXBuildFile; productRef = B68CBD472B2AF7C8003F4ECC /* Kingfisher */; };
/* End PBXBuildFile section */

/* Begin PBXFileReference section */
		B68CBD262B2AD3F7003F4ECC /* SampleGemini.app */ = {isa = PBXFileReference; explicitFileType = wrapper.application; includeInIndex = 0; path = SampleGemini.app; sourceTree = BUILT_PRODUCTS_DIR; };
		B68CBD292B2AD3F7003F4ECC /* AppDelegate.swift */ = {isa = PBXFileReference; lastKnownFileType = sourcecode.swift; path = AppDelegate.swift; sourceTree = "<group>"; };
		B68CBD2B2B2AD3F7003F4ECC /* SceneDelegate.swift */ = {isa = PBXFileReference; lastKnownFileType = sourcecode.swift; path = SceneDelegate.swift; sourceTree = "<group>"; };
		B68CBD2D2B2AD3F7003F4ECC /* SampleGeminiViewController.swift */ = {isa = PBXFileReference; lastKnownFileType = sourcecode.swift; path = SampleGeminiViewController.swift; sourceTree = "<group>"; };
		B68CBD322B2AD3F8003F4ECC /* Assets.xcassets */ = {isa = PBXFileReference; lastKnownFileType = folder.assetcatalog; path = Assets.xcassets; sourceTree = "<group>"; };
		B68CBD352B2AD3F8003F4ECC /* Base */ = {isa = PBXFileReference; lastKnownFileType = file.storyboard; name = Base; path = Base.lproj/LaunchScreen.storyboard; sourceTree = "<group>"; };
		B68CBD372B2AD3F8003F4ECC /* Info.plist */ = {isa = PBXFileReference; lastKnownFileType = text.plist.xml; path = Info.plist; sourceTree = "<group>"; };
/* End PBXFileReference section */

/* Begin PBXFrameworksBuildPhase section */
		B68CBD232B2AD3F7003F4ECC /* Frameworks */ = {
			isa = PBXFrameworksBuildPhase;
			buildActionMask = 2147483647;
			files = (
				B68CBD482B2AF7C8003F4ECC /* Kingfisher in Frameworks */,
				B68CBD422B2AD47D003F4ECC /* DeclarativeUIKit in Frameworks */,
				B68CBD452B2AD54A003F4ECC /* ObservableUIKit in Frameworks */,
				B68CBD3F2B2AD472003F4ECC /* GoogleGenerativeAI in Frameworks */,
			);
			runOnlyForDeploymentPostprocessing = 0;
		};
/* End PBXFrameworksBuildPhase section */

/* Begin PBXGroup section */
		B68CBD1D2B2AD3F7003F4ECC = {
			isa = PBXGroup;
			children = (
				B68CBD282B2AD3F7003F4ECC /* SampleGemini */,
				B68CBD272B2AD3F7003F4ECC /* Products */,
			);
			sourceTree = "<group>";
		};
		B68CBD272B2AD3F7003F4ECC /* Products */ = {
			isa = PBXGroup;
			children = (
				B68CBD262B2AD3F7003F4ECC /* SampleGemini.app */,
			);
			name = Products;
			sourceTree = "<group>";
		};
		B68CBD282B2AD3F7003F4ECC /* SampleGemini */ = {
			isa = PBXGroup;
			children = (
				B68CBD292B2AD3F7003F4ECC /* AppDelegate.swift */,
				B68CBD2B2B2AD3F7003F4ECC /* SceneDelegate.swift */,
				B68CBD2D2B2AD3F7003F4ECC /* SampleGeminiViewController.swift */,
				B68CBD322B2AD3F8003F4ECC /* Assets.xcassets */,
				B68CBD342B2AD3F8003F4ECC /* LaunchScreen.storyboard */,
				B68CBD372B2AD3F8003F4ECC /* Info.plist */,
			);
			path = SampleGemini;
			sourceTree = "<group>";
		};
/* End PBXGroup section */

/* Begin PBXNativeTarget section */
		B68CBD252B2AD3F7003F4ECC /* SampleGemini */ = {
			isa = PBXNativeTarget;
			buildConfigurationList = B68CBD3A2B2AD3F8003F4ECC /* Build configuration list for PBXNativeTarget "SampleGemini" */;
			buildPhases = (
				B68CBD222B2AD3F7003F4ECC /* Sources */,
				B68CBD232B2AD3F7003F4ECC /* Frameworks */,
				B68CBD242B2AD3F7003F4ECC /* Resources */,
			);
			buildRules = (
			);
			dependencies = (
			);
			name = SampleGemini;
			packageProductDependencies = (
				B68CBD3E2B2AD472003F4ECC /* GoogleGenerativeAI */,
				B68CBD412B2AD47D003F4ECC /* DeclarativeUIKit */,
				B68CBD442B2AD54A003F4ECC /* ObservableUIKit */,
				B68CBD472B2AF7C8003F4ECC /* Kingfisher */,
			);
			productName = SampleGemini;
			productReference = B68CBD262B2AD3F7003F4ECC /* SampleGemini.app */;
			productType = "com.apple.product-type.application";
		};
/* End PBXNativeTarget section */

/* Begin PBXProject section */
		B68CBD1E2B2AD3F7003F4ECC /* Project object */ = {
			isa = PBXProject;
			attributes = {
				BuildIndependentTargetsInParallel = 1;
				LastSwiftUpdateCheck = 1510;
				LastUpgradeCheck = 1510;
				TargetAttributes = {
					B68CBD252B2AD3F7003F4ECC = {
						CreatedOnToolsVersion = 15.1;
					};
				};
			};
			buildConfigurationList = B68CBD212B2AD3F7003F4ECC /* Build configuration list for PBXProject "SampleGemini" */;
			compatibilityVersion = "Xcode 14.0";
			developmentRegion = en;
			hasScannedForEncodings = 0;
			knownRegions = (
				en,
				Base,
			);
			mainGroup = B68CBD1D2B2AD3F7003F4ECC;
			packageReferences = (
				B68CBD3D2B2AD472003F4ECC /* XCRemoteSwiftPackageReference "generative-ai-swift" */,
				B68CBD402B2AD47D003F4ECC /* XCRemoteSwiftPackageReference "DeclarativeUIKit" */,
				B68CBD432B2AD54A003F4ECC /* XCRemoteSwiftPackageReference "ObservableUIKit" */,
				B68CBD462B2AF7C8003F4ECC /* XCRemoteSwiftPackageReference "Kingfisher" */,
			);
			productRefGroup = B68CBD272B2AD3F7003F4ECC /* Products */;
			projectDirPath = "";
			projectRoot = "";
			targets = (
				B68CBD252B2AD3F7003F4ECC /* SampleGemini */,
			);
		};
/* End PBXProject section */

/* Begin PBXResourcesBuildPhase section */
		B68CBD242B2AD3F7003F4ECC /* Resources */ = {
			isa = PBXResourcesBuildPhase;
			buildActionMask = 2147483647;
			files = (
				B68CBD362B2AD3F8003F4ECC /* LaunchScreen.storyboard in Resources */,
				B68CBD332B2AD3F8003F4ECC /* Assets.xcassets in Resources */,
			);
			runOnlyForDeploymentPostprocessing = 0;
		};
/* End PBXResourcesBuildPhase section */

/* Begin PBXSourcesBuildPhase section */
		B68CBD222B2AD3F7003F4ECC /* Sources */ = {
			isa = PBXSourcesBuildPhase;
			buildActionMask = 2147483647;
			files = (
				B68CBD2E2B2AD3F7003F4ECC /* SampleGeminiViewController.swift in Sources */,
				B68CBD2A2B2AD3F7003F4ECC /* AppDelegate.swift in Sources */,
				B68CBD2C2B2AD3F7003F4ECC /* SceneDelegate.swift in Sources */,
			);
			runOnlyForDeploymentPostprocessing = 0;
		};
/* End PBXSourcesBuildPhase section */

/* Begin PBXVariantGroup section */
		B68CBD342B2AD3F8003F4ECC /* LaunchScreen.storyboard */ = {
			isa = PBXVariantGroup;
			children = (
				B68CBD352B2AD3F8003F4ECC /* Base */,
			);
			name = LaunchScreen.storyboard;
			sourceTree = "<group>";
		};
/* End PBXVariantGroup section */

/* Begin XCBuildConfiguration section */
		B68CBD382B2AD3F8003F4ECC /* Debug */ = {
			isa = XCBuildConfiguration;
			buildSettings = {
				ALWAYS_SEARCH_USER_PATHS = NO;
				ASSETCATALOG_COMPILER_GENERATE_SWIFT_ASSET_SYMBOL_EXTENSIONS = YES;
				CLANG_ANALYZER_NONNULL = YES;
				CLANG_ANALYZER_NUMBER_OBJECT_CONVERSION = YES_AGGRESSIVE;
				CLANG_CXX_LANGUAGE_STANDARD = "gnu++20";
				CLANG_ENABLE_MODULES = YES;
				CLANG_ENABLE_OBJC_ARC = YES;
				CLANG_ENABLE_OBJC_WEAK = YES;
				CLANG_WARN_BLOCK_CAPTURE_AUTORELEASING = YES;
				CLANG_WARN_BOOL_CONVERSION = YES;
				CLANG_WARN_COMMA = YES;
				CLANG_WARN_CONSTANT_CONVERSION = YES;
				CLANG_WARN_DEPRECATED_OBJC_IMPLEMENTATIONS = YES;
				CLANG_WARN_DIRECT_OBJC_ISA_USAGE = YES_ERROR;
				CLANG_WARN_DOCUMENTATION_COMMENTS = YES;
				CLANG_WARN_EMPTY_BODY = YES;
				CLANG_WARN_ENUM_CONVERSION = YES;
				CLANG_WARN_INFINITE_RECURSION = YES;
				CLANG_WARN_INT_CONVERSION = YES;
				CLANG_WARN_NON_LITERAL_NULL_CONVERSION = YES;
				CLANG_WARN_OBJC_IMPLICIT_RETAIN_SELF = YES;
				CLANG_WARN_OBJC_LITERAL_CONVERSION = YES;
				CLANG_WARN_OBJC_ROOT_CLASS = YES_ERROR;
				CLANG_WARN_QUOTED_INCLUDE_IN_FRAMEWORK_HEADER = YES;
				CLANG_WARN_RANGE_LOOP_ANALYSIS = YES;
				CLANG_WARN_STRICT_PROTOTYPES = YES;
				CLANG_WARN_SUSPICIOUS_MOVE = YES;
				CLANG_WARN_UNGUARDED_AVAILABILITY = YES_AGGRESSIVE;
				CLANG_WARN_UNREACHABLE_CODE = YES;
				CLANG_WARN__DUPLICATE_METHOD_MATCH = YES;
				COPY_PHASE_STRIP = NO;
				DEBUG_INFORMATION_FORMAT = dwarf;
				ENABLE_STRICT_OBJC_MSGSEND = YES;
				ENABLE_TESTABILITY = YES;
				ENABLE_USER_SCRIPT_SANDBOXING = YES;
				GCC_C_LANGUAGE_STANDARD = gnu17;
				GCC_DYNAMIC_NO_PIC = NO;
				GCC_NO_COMMON_BLOCKS = YES;
				GCC_OPTIMIZATION_LEVEL = 0;
				GCC_PREPROCESSOR_DEFINITIONS = (
					"DEBUG=1",
					"$(inherited)",
				);
				GCC_WARN_64_TO_32_BIT_CONVERSION = YES;
				GCC_WARN_ABOUT_RETURN_TYPE = YES_ERROR;
				GCC_WARN_UNDECLARED_SELECTOR = YES;
				GCC_WARN_UNINITIALIZED_AUTOS = YES_AGGRESSIVE;
				GCC_WARN_UNUSED_FUNCTION = YES;
				GCC_WARN_UNUSED_VARIABLE = YES;
				IPHONEOS_DEPLOYMENT_TARGET = 17.2;
				LOCALIZATION_PREFERS_STRING_CATALOGS = YES;
				MTL_ENABLE_DEBUG_INFO = INCLUDE_SOURCE;
				MTL_FAST_MATH = YES;
				ONLY_ACTIVE_ARCH = YES;
				SDKROOT = iphoneos;
				SWIFT_ACTIVE_COMPILATION_CONDITIONS = "DEBUG $(inherited)";
				SWIFT_OPTIMIZATION_LEVEL = "-Onone";
			};
			name = Debug;
		};
		B68CBD392B2AD3F8003F4ECC /* Release */ = {
			isa = XCBuildConfiguration;
			buildSettings = {
				ALWAYS_SEARCH_USER_PATHS = NO;
				ASSETCATALOG_COMPILER_GENERATE_SWIFT_ASSET_SYMBOL_EXTENSIONS = YES;
				CLANG_ANALYZER_NONNULL = YES;
				CLANG_ANALYZER_NUMBER_OBJECT_CONVERSION = YES_AGGRESSIVE;
				CLANG_CXX_LANGUAGE_STANDARD = "gnu++20";
				CLANG_ENABLE_MODULES = YES;
				CLANG_ENABLE_OBJC_ARC = YES;
				CLANG_ENABLE_OBJC_WEAK = YES;
				CLANG_WARN_BLOCK_CAPTURE_AUTORELEASING = YES;
				CLANG_WARN_BOOL_CONVERSION = YES;
				CLANG_WARN_COMMA = YES;
				CLANG_WARN_CONSTANT_CONVERSION = YES;
				CLANG_WARN_DEPRECATED_OBJC_IMPLEMENTATIONS = YES;
				CLANG_WARN_DIRECT_OBJC_ISA_USAGE = YES_ERROR;
				CLANG_WARN_DOCUMENTATION_COMMENTS = YES;
				CLANG_WARN_EMPTY_BODY = YES;
				CLANG_WARN_ENUM_CONVERSION = YES;
				CLANG_WARN_INFINITE_RECURSION = YES;
				CLANG_WARN_INT_CONVERSION = YES;
				CLANG_WARN_NON_LITERAL_NULL_CONVERSION = YES;
				CLANG_WARN_OBJC_IMPLICIT_RETAIN_SELF = YES;
				CLANG_WARN_OBJC_LITERAL_CONVERSION = YES;
				CLANG_WARN_OBJC_ROOT_CLASS = YES_ERROR;
				CLANG_WARN_QUOTED_INCLUDE_IN_FRAMEWORK_HEADER = YES;
				CLANG_WARN_RANGE_LOOP_ANALYSIS = YES;
				CLANG_WARN_STRICT_PROTOTYPES = YES;
				CLANG_WARN_SUSPICIOUS_MOVE = YES;
				CLANG_WARN_UNGUARDED_AVAILABILITY = YES_AGGRESSIVE;
				CLANG_WARN_UNREACHABLE_CODE = YES;
				CLANG_WARN__DUPLICATE_METHOD_MATCH = YES;
				COPY_PHASE_STRIP = NO;
				DEBUG_INFORMATION_FORMAT = "dwarf-with-dsym";
				ENABLE_NS_ASSERTIONS = NO;
				ENABLE_STRICT_OBJC_MSGSEND = YES;
				ENABLE_USER_SCRIPT_SANDBOXING = YES;
				GCC_C_LANGUAGE_STANDARD = gnu17;
				GCC_NO_COMMON_BLOCKS = YES;
				GCC_WARN_64_TO_32_BIT_CONVERSION = YES;
				GCC_WARN_ABOUT_RETURN_TYPE = YES_ERROR;
				GCC_WARN_UNDECLARED_SELECTOR = YES;
				GCC_WARN_UNINITIALIZED_AUTOS = YES_AGGRESSIVE;
				GCC_WARN_UNUSED_FUNCTION = YES;
				GCC_WARN_UNUSED_VARIABLE = YES;
				IPHONEOS_DEPLOYMENT_TARGET = 17.2;
				LOCALIZATION_PREFERS_STRING_CATALOGS = YES;
				MTL_ENABLE_DEBUG_INFO = NO;
				MTL_FAST_MATH = YES;
				SDKROOT = iphoneos;
				SWIFT_COMPILATION_MODE = wholemodule;
				VALIDATE_PRODUCT = YES;
			};
			name = Release;
		};
		B68CBD3B2B2AD3F8003F4ECC /* Debug */ = {
			isa = XCBuildConfiguration;
			buildSettings = {
				ASSETCATALOG_COMPILER_APPICON_NAME = AppIcon;
				ASSETCATALOG_COMPILER_GLOBAL_ACCENT_COLOR_NAME = AccentColor;
				CODE_SIGN_STYLE = Automatic;
				CURRENT_PROJECT_VERSION = 1;
				GENERATE_INFOPLIST_FILE = YES;
				INFOPLIST_FILE = SampleGemini/Info.plist;
				INFOPLIST_KEY_UIApplicationSupportsIndirectInputEvents = YES;
				INFOPLIST_KEY_UILaunchStoryboardName = LaunchScreen;
				INFOPLIST_KEY_UISupportedInterfaceOrientations_iPad = "UIInterfaceOrientationPortrait UIInterfaceOrientationPortraitUpsideDown UIInterfaceOrientationLandscapeLeft UIInterfaceOrientationLandscapeRight";
				INFOPLIST_KEY_UISupportedInterfaceOrientations_iPhone = "UIInterfaceOrientationPortrait UIInterfaceOrientationLandscapeLeft UIInterfaceOrientationLandscapeRight";
				LD_RUNPATH_SEARCH_PATHS = (
					"$(inherited)",
					"@executable_path/Frameworks",
				);
				MARKETING_VERSION = 1.0;
				PRODUCT_BUNDLE_IDENTIFIER = com.sakiyamaK.SampleGemini;
				PRODUCT_NAME = "$(TARGET_NAME)";
				SWIFT_EMIT_LOC_STRINGS = YES;
				SWIFT_VERSION = 5.0;
				TARGETED_DEVICE_FAMILY = "1,2";
			};
			name = Debug;
		};
		B68CBD3C2B2AD3F8003F4ECC /* Release */ = {
			isa = XCBuildConfiguration;
			buildSettings = {
				ASSETCATALOG_COMPILER_APPICON_NAME = AppIcon;
				ASSETCATALOG_COMPILER_GLOBAL_ACCENT_COLOR_NAME = AccentColor;
				CODE_SIGN_STYLE = Automatic;
				CURRENT_PROJECT_VERSION = 1;
				GENERATE_INFOPLIST_FILE = YES;
				INFOPLIST_FILE = SampleGemini/Info.plist;
				INFOPLIST_KEY_UIApplicationSupportsIndirectInputEvents = YES;
				INFOPLIST_KEY_UILaunchStoryboardName = LaunchScreen;
				INFOPLIST_KEY_UISupportedInterfaceOrientations_iPad = "UIInterfaceOrientationPortrait UIInterfaceOrientationPortraitUpsideDown UIInterfaceOrientationLandscapeLeft UIInterfaceOrientationLandscapeRight";
				INFOPLIST_KEY_UISupportedInterfaceOrientations_iPhone = "UIInterfaceOrientationPortrait UIInterfaceOrientationLandscapeLeft UIInterfaceOrientationLandscapeRight";
				LD_RUNPATH_SEARCH_PATHS = (
					"$(inherited)",
					"@executable_path/Frameworks",
				);
				MARKETING_VERSION = 1.0;
				PRODUCT_BUNDLE_IDENTIFIER = com.sakiyamaK.SampleGemini;
				PRODUCT_NAME = "$(TARGET_NAME)";
				SWIFT_EMIT_LOC_STRINGS = YES;
				SWIFT_VERSION = 5.0;
				TARGETED_DEVICE_FAMILY = "1,2";
			};
			name = Release;
		};
/* End XCBuildConfiguration section */

/* Begin XCConfigurationList section */
		B68CBD212B2AD3F7003F4ECC /* Build configuration list for PBXProject "SampleGemini" */ = {
			isa = XCConfigurationList;
			buildConfigurations = (
				B68CBD382B2AD3F8003F4ECC /* Debug */,
				B68CBD392B2AD3F8003F4ECC /* Release */,
			);
			defaultConfigurationIsVisible = 0;
			defaultConfigurationName = Release;
		};
		B68CBD3A2B2AD3F8003F4ECC /* Build configuration list for PBXNativeTarget "SampleGemini" */ = {
			isa = XCConfigurationList;
			buildConfigurations = (
				B68CBD3B2B2AD3F8003F4ECC /* Debug */,
				B68CBD3C2B2AD3F8003F4ECC /* Release */,
			);
			defaultConfigurationIsVisible = 0;
			defaultConfigurationName = Release;
		};
/* End XCConfigurationList section */

/* Begin XCRemoteSwiftPackageReference section */
		B68CBD3D2B2AD472003F4ECC /* XCRemoteSwiftPackageReference "generative-ai-swift" */ = {
			isa = XCRemoteSwiftPackageReference;
			repositoryURL = "https://github.com/google/generative-ai-swift";
			requirement = {
				kind = upToNextMajorVersion;
				minimumVersion = 0.4.2;
			};
		};
		B68CBD402B2AD47D003F4ECC /* XCRemoteSwiftPackageReference "DeclarativeUIKit" */ = {
			isa = XCRemoteSwiftPackageReference;
			repositoryURL = "https://github.com/sakiyamaK/DeclarativeUIKit";
			requirement = {
				kind = upToNextMajorVersion;
				minimumVersion = 2.0.2;
			};
		};
		B68CBD432B2AD54A003F4ECC /* XCRemoteSwiftPackageReference "ObservableUIKit" */ = {
			isa = XCRemoteSwiftPackageReference;
			repositoryURL = "https://github.com/sakiyamaK/ObservableUIKit";
			requirement = {
				kind = upToNextMajorVersion;
				minimumVersion = 0.0.3;
			};
		};
		B68CBD462B2AF7C8003F4ECC /* XCRemoteSwiftPackageReference "Kingfisher" */ = {
			isa = XCRemoteSwiftPackageReference;
			repositoryURL = "https://github.com/onevcat/Kingfisher";
			requirement = {
				kind = upToNextMajorVersion;
				minimumVersion = 7.10.1;
			};
		};
/* End XCRemoteSwiftPackageReference section */

/* Begin XCSwiftPackageProductDependency section */
		B68CBD3E2B2AD472003F4ECC /* GoogleGenerativeAI */ = {
			isa = XCSwiftPackageProductDependency;
			package = B68CBD3D2B2AD472003F4ECC /* XCRemoteSwiftPackageReference "generative-ai-swift" */;
			productName = GoogleGenerativeAI;
		};
		B68CBD412B2AD47D003F4ECC /* DeclarativeUIKit */ = {
			isa = XCSwiftPackageProductDependency;
			package = B68CBD402B2AD47D003F4ECC /* XCRemoteSwiftPackageReference "DeclarativeUIKit" */;
			productName = DeclarativeUIKit;
		};
		B68CBD442B2AD54A003F4ECC /* ObservableUIKit */ = {
			isa = XCSwiftPackageProductDependency;
			package = B68CBD432B2AD54A003F4ECC /* XCRemoteSwiftPackageReference "ObservableUIKit" */;
			productName = ObservableUIKit;
		};
		B68CBD472B2AF7C8003F4ECC /* Kingfisher */ = {
			isa = XCSwiftPackageProductDependency;
			package = B68CBD462B2AF7C8003F4ECC /* XCRemoteSwiftPackageReference "Kingfisher" */;
			productName = Kingfisher;
		};
/* End XCSwiftPackageProductDependency section */
	};
	rootObject = B68CBD1E2B2AD3F7003F4ECC /* Project object */;
}
